
Microsoft Visual Studio Solution File, Format Version 12.00
# Visual Studio Version 17
VisualStudioVersion = 17.14.36603.0
MinimumVisualStudioVersion = 10.0.40219.1
Project("{FAE04EC0-301F-11D3-BF4B-00C04F79EFBC}") = "Estoque", "Estoque\Estoque.csproj", "{3E46BC03-0F49-439C-B01C-B3A5097126DA}"
EndProject
Global
	GlobalSection(SolutionConfigurationPlatforms) = preSolution
		Debug|Any CPU = Debug|Any CPU
		Release|Any CPU = Release|Any CPU
	EndGlobalSection
	GlobalSection(ProjectConfigurationPlatforms) = postSolution
		{3E46BC03-0F49-439C-B01C-B3A5097126DA}.Debug|Any CPU.ActiveCfg = Debug|Any CPU
		{3E46BC03-0F49-439C-B01C-B3A5097126DA}.Debug|Any CPU.Build.0 = Debug|Any CPU
		{3E46BC03-0F49-439C-B01C-B3A5097126DA}.Release|Any CPU.ActiveCfg = Release|Any CPU
		{3E46BC03-0F49-439C-B01C-B3A5097126DA}.Release|Any CPU.Build.0 = Release|Any CPU
	EndGlobalSection
	GlobalSection(SolutionProperties) = preSolution
		HideSolutionNode = FALSE
	EndGlobalSection
	GlobalSection(ExtensibilityGlobals) = postSolution
		SolutionGuid = {1C055EEC-296E-489B-A49A-69199D1EA938}
	EndGlobalSection
EndGlobal
